
Microsoft Visual Studio Solution File, Format Version 12.00
# Visual Studio Version 17
VisualStudioVersion = 17.4.33110.190
MinimumVisualStudioVersion = 10.0.40219.1
Project("{FAE04EC0-301F-11D3-BF4B-00C04F79EFBC}") = "recipefinder", "recipefinder\recipefinder.csproj", "{FBFFF40D-C14C-444F-BE49-F27B8C6864B6}"
EndProject
Global
	GlobalSection(SolutionConfigurationPlatforms) = preSolution
		Debug|Any CPU = Debug|Any CPU
		Release|Any CPU = Release|Any CPU
	EndGlobalSection
	GlobalSection(ProjectConfigurationPlatforms) = postSolution
		{FBFFF40D-C14C-444F-BE49-F27B8C6864B6}.Debug|Any CPU.ActiveCfg = Debug|Any CPU
		{FBFFF40D-C14C-444F-BE49-F27B8C6864B6}.Debug|Any CPU.Build.0 = Debug|Any CPU
		{FBFFF40D-C14C-444F-BE49-F27B8C6864B6}.Release|Any CPU.ActiveCfg = Release|Any CPU
		{FBFFF40D-C14C-444F-BE49-F27B8C6864B6}.Release|Any CPU.Build.0 = Release|Any CPU
	EndGlobalSection
	GlobalSection(SolutionProperties) = preSolution
		HideSolutionNode = FALSE
	EndGlobalSection
	GlobalSection(ExtensibilityGlobals) = postSolution
		SolutionGuid = {94B95AB0-41F0-43B8-AE64-912070F77E60}
	EndGlobalSection
EndGlobal
